
Microsoft Visual Studio Solution File, Format Version 12.00
# Visual Studio Version 17
VisualStudioVersion = 17.4.33205.214
MinimumVisualStudioVersion = 10.0.40219.1
Project("{FAE04EC0-301F-11D3-BF4B-00C04F79EFBC}") = "DemoCsharp", "DemoCsharp\DemoCsharp.csproj", "{D61C1678-7CC0-418F-9970-9038DD3E3DC4}"
EndProject
Global
	GlobalSection(SolutionConfigurationPlatforms) = preSolution
		Debug|Any CPU = Debug|Any CPU
		Release|Any CPU = Release|Any CPU
	EndGlobalSection
	GlobalSection(ProjectConfigurationPlatforms) = postSolution
		{D61C1678-7CC0-418F-9970-9038DD3E3DC4}.Debug|Any CPU.ActiveCfg = Debug|Any CPU
		{D61C1678-7CC0-418F-9970-9038DD3E3DC4}.Debug|Any CPU.Build.0 = Debug|Any CPU
		{D61C1678-7CC0-418F-9970-9038DD3E3DC4}.Release|Any CPU.ActiveCfg = Release|Any CPU
		{D61C1678-7CC0-418F-9970-9038DD3E3DC4}.Release|Any CPU.Build.0 = Release|Any CPU
	EndGlobalSection
	GlobalSection(SolutionProperties) = preSolution
		HideSolutionNode = FALSE
	EndGlobalSection
	GlobalSection(ExtensibilityGlobals) = postSolution
		SolutionGuid = {F13748AE-F539-43A5-AB7D-D7B8756F0F72}
	EndGlobalSection
EndGlobal
